
Microsoft Visual Studio Solution File, Format Version 12.00
# Visual Studio Version 17
VisualStudioVersion = 17.13.35818.85 d17.13
MinimumVisualStudioVersion = 10.0.40219.1
Project("{FAE04EC0-301F-11D3-BF4B-00C04F79EFBC}") = "CybersecurityChatBot", "CybersecurityChatBot.csproj", "{CF34AFA6-CC8E-4905-94FE-B12550D01C39}"
EndProject
Global
	GlobalSection(SolutionConfigurationPlatforms) = preSolution
		Debug|Any CPU = Debug|Any CPU
		Release|Any CPU = Release|Any CPU
	EndGlobalSection
	GlobalSection(ProjectConfigurationPlatforms) = postSolution
		{CF34AFA6-CC8E-4905-94FE-B12550D01C39}.Debug|Any CPU.ActiveCfg = Debug|Any CPU
		{CF34AFA6-CC8E-4905-94FE-B12550D01C39}.Debug|Any CPU.Build.0 = Debug|Any CPU
		{CF34AFA6-CC8E-4905-94FE-B12550D01C39}.Release|Any CPU.ActiveCfg = Release|Any CPU
		{CF34AFA6-CC8E-4905-94FE-B12550D01C39}.Release|Any CPU.Build.0 = Release|Any CPU
	EndGlobalSection
	GlobalSection(SolutionProperties) = preSolution
		HideSolutionNode = FALSE
	EndGlobalSection
	GlobalSection(ExtensibilityGlobals) = postSolution
		SolutionGuid = {E992ED0B-E73C-4594-A05B-565E306D7B15}
	EndGlobalSection
EndGlobal
